// !$*UTF8*$!
{
	archiveVersion = 1;
	classes = {
	};
	objectVersion = 77;
	objects = {

/* Begin PBXBuildFile section */
		D64DC4852D870EC00044E868 /* DetailScreen.swift in Sources */ = {isa = PBXBuildFile; fileRef = D64DC4842D870EC00044E868 /* DetailScreen.swift */; };
		D64DC4872D870F890044E868 /* DetailViewModel.swift in Sources */ = {isa = PBXBuildFile; fileRef = D64DC4862D870F890044E868 /* DetailViewModel.swift */; };
		D6EC42FB2D74A168007F6A79 /* MainContentView.swift in Sources */ = {isa = PBXBuildFile; fileRef = D6EC42ED2D74A168007F6A79 /* MainContentView.swift */; };
		D6EC42FC2D74A168007F6A79 /* MainDisplayModel.swift in Sources */ = {isa = PBXBuildFile; fileRef = D6EC42EE2D74A168007F6A79 /* MainDisplayModel.swift */; };
		D6EC42FD2D74A168007F6A79 /* MainErrorView.swift in Sources */ = {isa = PBXBuildFile; fileRef = D6EC42EF2D74A168007F6A79 /* MainErrorView.swift */; };
		D6EC42FE2D74A168007F6A79 /* MainIdleView.swift in Sources */ = {isa = PBXBuildFile; fileRef = D6EC42F02D74A168007F6A79 /* MainIdleView.swift */; };
		D6EC42FF2D74A168007F6A79 /* MainLoadingView.swift in Sources */ = {isa = PBXBuildFile; fileRef = D6EC42F12D74A168007F6A79 /* MainLoadingView.swift */; };
		D6EC43002D74A168007F6A79 /* MainScreen.swift in Sources */ = {isa = PBXBuildFile; fileRef = D6EC42F22D74A168007F6A79 /* MainScreen.swift */; };
		D6EC43012D74A168007F6A79 /* MainScreenViewModel.swift in Sources */ = {isa = PBXBuildFile; fileRef = D6EC42F32D74A168007F6A79 /* MainScreenViewModel.swift */; };
		D6EC43022D74A168007F6A79 /* LoadDataApp.swift in Sources */ = {isa = PBXBuildFile; fileRef = D6EC42F92D74A168007F6A79 /* LoadDataApp.swift */; };
		D6EC43032D74A168007F6A79 /* Preview Assets.xcassets in Resources */ = {isa = PBXBuildFile; fileRef = D6EC42F52D74A168007F6A79 /* Preview Assets.xcassets */; };
		D6EC43042D74A168007F6A79 /* Assets.xcassets in Resources */ = {isa = PBXBuildFile; fileRef = D6EC42F72D74A168007F6A79 /* Assets.xcassets */; };
		D6EC430E2D74A1FA007F6A79 /* Endpoint.swift in Sources */ = {isa = PBXBuildFile; fileRef = D6EC430D2D74A1F1007F6A79 /* Endpoint.swift */; };
		D6EC43112D74A285007F6A79 /* NetworkCall.swift in Sources */ = {isa = PBXBuildFile; fileRef = D6EC43102D74A27E007F6A79 /* NetworkCall.swift */; };
/* End PBXBuildFile section */

/* Begin PBXFileReference section */
		D61A4CDE2D4678C3004263A1 /* LoadData.app */ = {isa = PBXFileReference; explicitFileType = wrapper.application; includeInIndex = 0; path = LoadData.app; sourceTree = BUILT_PRODUCTS_DIR; };
		D64DC4842D870EC00044E868 /* DetailScreen.swift */ = {isa = PBXFileReference; lastKnownFileType = sourcecode.swift; path = DetailScreen.swift; sourceTree = "<group>"; };
		D64DC4862D870F890044E868 /* DetailViewModel.swift */ = {isa = PBXFileReference; lastKnownFileType = sourcecode.swift; path = DetailViewModel.swift; sourceTree = "<group>"; };
		D6EC42ED2D74A168007F6A79 /* MainContentView.swift */ = {isa = PBXFileReference; lastKnownFileType = sourcecode.swift; path = MainContentView.swift; sourceTree = "<group>"; };
		D6EC42EE2D74A168007F6A79 /* MainDisplayModel.swift */ = {isa = PBXFileReference; lastKnownFileType = sourcecode.swift; path = MainDisplayModel.swift; sourceTree = "<group>"; };
		D6EC42EF2D74A168007F6A79 /* MainErrorView.swift */ = {isa = PBXFileReference; lastKnownFileType = sourcecode.swift; path = MainErrorView.swift; sourceTree = "<group>"; };
		D6EC42F02D74A168007F6A79 /* MainIdleView.swift */ = {isa = PBXFileReference; lastKnownFileType = sourcecode.swift; path = MainIdleView.swift; sourceTree = "<group>"; };
		D6EC42F12D74A168007F6A79 /* MainLoadingView.swift */ = {isa = PBXFileReference; lastKnownFileType = sourcecode.swift; path = MainLoadingView.swift; sourceTree = "<group>"; };
		D6EC42F22D74A168007F6A79 /* MainScreen.swift */ = {isa = PBXFileReference; lastKnownFileType = sourcecode.swift; path = MainScreen.swift; sourceTree = "<group>"; };
		D6EC42F32D74A168007F6A79 /* MainScreenViewModel.swift */ = {isa = PBXFileReference; lastKnownFileType = sourcecode.swift; path = MainScreenViewModel.swift; sourceTree = "<group>"; };
		D6EC42F52D74A168007F6A79 /* Preview Assets.xcassets */ = {isa = PBXFileReference; lastKnownFileType = folder.assetcatalog; path = "Preview Assets.xcassets"; sourceTree = "<group>"; };
		D6EC42F72D74A168007F6A79 /* Assets.xcassets */ = {isa = PBXFileReference; lastKnownFileType = folder.assetcatalog; path = Assets.xcassets; sourceTree = "<group>"; };
		D6EC42F82D74A168007F6A79 /* LoadData.entitlements */ = {isa = PBXFileReference; lastKnownFileType = text.plist.entitlements; path = LoadData.entitlements; sourceTree = "<group>"; };
		D6EC42F92D74A168007F6A79 /* LoadDataApp.swift */ = {isa = PBXFileReference; lastKnownFileType = sourcecode.swift; path = LoadDataApp.swift; sourceTree = "<group>"; };
		D6EC430D2D74A1F1007F6A79 /* Endpoint.swift */ = {isa = PBXFileReference; lastKnownFileType = sourcecode.swift; path = Endpoint.swift; sourceTree = "<group>"; };
		D6EC43102D74A27E007F6A79 /* NetworkCall.swift */ = {isa = PBXFileReference; lastKnownFileType = sourcecode.swift; path = NetworkCall.swift; sourceTree = "<group>"; };
/* End PBXFileReference section */

/* Begin PBXFrameworksBuildPhase section */
		D61A4CDB2D4678C3004263A1 /* Frameworks */ = {
			isa = PBXFrameworksBuildPhase;
			buildActionMask = 2147483647;
			files = (
			);
			runOnlyForDeploymentPostprocessing = 0;
		};
/* End PBXFrameworksBuildPhase section */

/* Begin PBXGroup section */
		D61A4CD52D4678C3004263A1 = {
			isa = PBXGroup;
			children = (
				D6EC42FA2D74A168007F6A79 /* LoadData */,
				D61A4CDF2D4678C3004263A1 /* Products */,
			);
			sourceTree = "<group>";
		};
		D61A4CDF2D4678C3004263A1 /* Products */ = {
			isa = PBXGroup;
			children = (
				D61A4CDE2D4678C3004263A1 /* LoadData.app */,
			);
			name = Products;
			sourceTree = "<group>";
		};
		D6EC42F42D74A168007F6A79 /* Views */ = {
			isa = PBXGroup;
			children = (
				D6EC42ED2D74A168007F6A79 /* MainContentView.swift */,
				D6EC42EE2D74A168007F6A79 /* MainDisplayModel.swift */,
				D6EC42EF2D74A168007F6A79 /* MainErrorView.swift */,
				D6EC42F02D74A168007F6A79 /* MainIdleView.swift */,
				D6EC42F12D74A168007F6A79 /* MainLoadingView.swift */,
			);
			path = Views;
			sourceTree = "<group>";
		};
		D6EC42F62D74A168007F6A79 /* Preview Content */ = {
			isa = PBXGroup;
			children = (
				D6EC42F52D74A168007F6A79 /* Preview Assets.xcassets */,
			);
			path = "Preview Content";
			sourceTree = "<group>";
		};
		D6EC42FA2D74A168007F6A79 /* LoadData */ = {
			isa = PBXGroup;
			children = (
				D6EC430F2D74A276007F6A79 /* Network */,
				D6EC430D2D74A1F1007F6A79 /* Endpoint.swift */,
				D6EC43052D74A16B007F6A79 /* DomainMain */,
				D6EC43062D74A175007F6A79 /* FeatureMain */,
				D6EC42F62D74A168007F6A79 /* Preview Content */,
				D6EC42F72D74A168007F6A79 /* Assets.xcassets */,
				D6EC42F82D74A168007F6A79 /* LoadData.entitlements */,
				D6EC42F92D74A168007F6A79 /* LoadDataApp.swift */,
			);
			path = LoadData;
			sourceTree = "<group>";
		};
		D6EC43052D74A16B007F6A79 /* DomainMain */ = {
			isa = PBXGroup;
			children = (
				D6EC430C2D74A1E8007F6A79 /* DataSource */,
				D6EC430A2D74A1CB007F6A79 /* Repository */,
				D6EC43092D74A1C3007F6A79 /* Entity */,
				D6EC43082D74A1B9007F6A79 /* Data */,
			);
			path = DomainMain;
			sourceTree = "<group>";
		};
		D6EC43062D74A175007F6A79 /* FeatureMain */ = {
			isa = PBXGroup;
			children = (
				D6EC43072D74A183007F6A79 /* Presentation */,
			);
			path = FeatureMain;
			sourceTree = "<group>";
		};
		D6EC43072D74A183007F6A79 /* Presentation */ = {
			isa = PBXGroup;
			children = (
				D6EC42F22D74A168007F6A79 /* MainScreen.swift */,
				D6EC42F32D74A168007F6A79 /* MainScreenViewModel.swift */,
				D6EC42F42D74A168007F6A79 /* Views */,
				D6EC430B2D74A1D7007F6A79 /* Usecase */,
				D64DC4842D870EC00044E868 /* DetailScreen.swift */,
				D64DC4862D870F890044E868 /* DetailViewModel.swift */,
			);
			path = Presentation;
			sourceTree = "<group>";
		};
		D6EC43082D74A1B9007F6A79 /* Data */ = {
			isa = PBXGroup;
			children = (
			);
			path = Data;
			sourceTree = "<group>";
		};
		D6EC43092D74A1C3007F6A79 /* Entity */ = {
			isa = PBXGroup;
			children = (
			);
			path = Entity;
			sourceTree = "<group>";
		};
		D6EC430A2D74A1CB007F6A79 /* Repository */ = {
			isa = PBXGroup;
			children = (
			);
			path = Repository;
			sourceTree = "<group>";
		};
		D6EC430B2D74A1D7007F6A79 /* Usecase */ = {
			isa = PBXGroup;
			children = (
			);
			path = Usecase;
			sourceTree = "<group>";
		};
		D6EC430C2D74A1E8007F6A79 /* DataSource */ = {
			isa = PBXGroup;
			children = (
			);
			path = DataSource;
			sourceTree = "<group>";
		};
		D6EC430F2D74A276007F6A79 /* Network */ = {
			isa = PBXGroup;
			children = (
				D6EC43102D74A27E007F6A79 /* NetworkCall.swift */,
			);
			path = Network;
			sourceTree = "<group>";
		};
/* End PBXGroup section */

/* Begin PBXNativeTarget section */
		D61A4CDD2D4678C3004263A1 /* LoadData */ = {
			isa = PBXNativeTarget;
			buildConfigurationList = D61A4CED2D4678C3004263A1 /* Build configuration list for PBXNativeTarget "LoadData" */;
			buildPhases = (
				D61A4CDA2D4678C3004263A1 /* Sources */,
				D61A4CDB2D4678C3004263A1 /* Frameworks */,
				D61A4CDC2D4678C3004263A1 /* Resources */,
			);
			buildRules = (
			);
			dependencies = (
			);
			name = LoadData;
			packageProductDependencies = (
			);
			productName = TestGit;
			productReference = D61A4CDE2D4678C3004263A1 /* LoadData.app */;
			productType = "com.apple.product-type.application";
		};
/* End PBXNativeTarget section */

/* Begin PBXProject section */
		D61A4CD62D4678C3004263A1 /* Project object */ = {
			isa = PBXProject;
			attributes = {
				BuildIndependentTargetsInParallel = 1;
				LastSwiftUpdateCheck = 1620;
				LastUpgradeCheck = 1620;
				TargetAttributes = {
					D61A4CDD2D4678C3004263A1 = {
						CreatedOnToolsVersion = 16.2;
					};
				};
			};
			buildConfigurationList = D61A4CD92D4678C3004263A1 /* Build configuration list for PBXProject "LoadData" */;
			developmentRegion = en;
			hasScannedForEncodings = 0;
			knownRegions = (
				en,
				Base,
			);
			mainGroup = D61A4CD52D4678C3004263A1;
			minimizedProjectReferenceProxies = 1;
			preferredProjectObjectVersion = 77;
			productRefGroup = D61A4CDF2D4678C3004263A1 /* Products */;
			projectDirPath = "";
			projectRoot = "";
			targets = (
				D61A4CDD2D4678C3004263A1 /* LoadData */,
			);
		};
/* End PBXProject section */

/* Begin PBXResourcesBuildPhase section */
		D61A4CDC2D4678C3004263A1 /* Resources */ = {
			isa = PBXResourcesBuildPhase;
			buildActionMask = 2147483647;
			files = (
				D6EC43032D74A168007F6A79 /* Preview Assets.xcassets in Resources */,
				D6EC43042D74A168007F6A79 /* Assets.xcassets in Resources */,
			);
			runOnlyForDeploymentPostprocessing = 0;
		};
/* End PBXResourcesBuildPhase section */

/* Begin PBXSourcesBuildPhase section */
		D61A4CDA2D4678C3004263A1 /* Sources */ = {
			isa = PBXSourcesBuildPhase;
			buildActionMask = 2147483647;
			files = (
				D6EC42FB2D74A168007F6A79 /* MainContentView.swift in Sources */,
				D6EC430E2D74A1FA007F6A79 /* Endpoint.swift in Sources */,
				D6EC42FC2D74A168007F6A79 /* MainDisplayModel.swift in Sources */,
				D6EC42FD2D74A168007F6A79 /* MainErrorView.swift in Sources */,
				D6EC43112D74A285007F6A79 /* NetworkCall.swift in Sources */,
				D6EC42FE2D74A168007F6A79 /* MainIdleView.swift in Sources */,
				D6EC42FF2D74A168007F6A79 /* MainLoadingView.swift in Sources */,
				D64DC4872D870F890044E868 /* DetailViewModel.swift in Sources */,
				D6EC43002D74A168007F6A79 /* MainScreen.swift in Sources */,
				D6EC43012D74A168007F6A79 /* MainScreenViewModel.swift in Sources */,
				D64DC4852D870EC00044E868 /* DetailScreen.swift in Sources */,
				D6EC43022D74A168007F6A79 /* LoadDataApp.swift in Sources */,
			);
			runOnlyForDeploymentPostprocessing = 0;
		};
/* End PBXSourcesBuildPhase section */

/* Begin XCBuildConfiguration section */
		D61A4CEB2D4678C3004263A1 /* Debug */ = {
			isa = XCBuildConfiguration;
			buildSettings = {
				ALWAYS_SEARCH_USER_PATHS = NO;
				ASSETCATALOG_COMPILER_GENERATE_SWIFT_ASSET_SYMBOL_EXTENSIONS = YES;
				CLANG_ANALYZER_NONNULL = YES;
				CLANG_ANALYZER_NUMBER_OBJECT_CONVERSION = YES_AGGRESSIVE;
				CLANG_CXX_LANGUAGE_STANDARD = "gnu++20";
				CLANG_ENABLE_MODULES = YES;
				CLANG_ENABLE_OBJC_ARC = YES;
				CLANG_ENABLE_OBJC_WEAK = YES;
				CLANG_WARN_BLOCK_CAPTURE_AUTORELEASING = YES;
				CLANG_WARN_BOOL_CONVERSION = YES;
				CLANG_WARN_COMMA = YES;
				CLANG_WARN_CONSTANT_CONVERSION = YES;
				CLANG_WARN_DEPRECATED_OBJC_IMPLEMENTATIONS = YES;
				CLANG_WARN_DIRECT_OBJC_ISA_USAGE = YES_ERROR;
				CLANG_WARN_DOCUMENTATION_COMMENTS = YES;
				CLANG_WARN_EMPTY_BODY = YES;
				CLANG_WARN_ENUM_CONVERSION = YES;
				CLANG_WARN_INFINITE_RECURSION = YES;
				CLANG_WARN_INT_CONVERSION = YES;
				CLANG_WARN_NON_LITERAL_NULL_CONVERSION = YES;
				CLANG_WARN_OBJC_IMPLICIT_RETAIN_SELF = YES;
				CLANG_WARN_OBJC_LITERAL_CONVERSION = YES;
				CLANG_WARN_OBJC_ROOT_CLASS = YES_ERROR;
				CLANG_WARN_QUOTED_INCLUDE_IN_FRAMEWORK_HEADER = YES;
				CLANG_WARN_RANGE_LOOP_ANALYSIS = YES;
				CLANG_WARN_STRICT_PROTOTYPES = YES;
				CLANG_WARN_SUSPICIOUS_MOVE = YES;
				CLANG_WARN_UNGUARDED_AVAILABILITY = YES_AGGRESSIVE;
				CLANG_WARN_UNREACHABLE_CODE = YES;
				CLANG_WARN__DUPLICATE_METHOD_MATCH = YES;
				COPY_PHASE_STRIP = NO;
				DEBUG_INFORMATION_FORMAT = dwarf;
				ENABLE_STRICT_OBJC_MSGSEND = YES;
				ENABLE_TESTABILITY = YES;
				ENABLE_USER_SCRIPT_SANDBOXING = YES;
				GCC_C_LANGUAGE_STANDARD = gnu17;
				GCC_DYNAMIC_NO_PIC = NO;
				GCC_NO_COMMON_BLOCKS = YES;
				GCC_OPTIMIZATION_LEVEL = 0;
				GCC_PREPROCESSOR_DEFINITIONS = (
					"DEBUG=1",
					"$(inherited)",
				);
				GCC_WARN_64_TO_32_BIT_CONVERSION = YES;
				GCC_WARN_ABOUT_RETURN_TYPE = YES_ERROR;
				GCC_WARN_UNDECLARED_SELECTOR = YES;
				GCC_WARN_UNINITIALIZED_AUTOS = YES_AGGRESSIVE;
				GCC_WARN_UNUSED_FUNCTION = YES;
				GCC_WARN_UNUSED_VARIABLE = YES;
				LOCALIZATION_PREFERS_STRING_CATALOGS = YES;
				MTL_ENABLE_DEBUG_INFO = INCLUDE_SOURCE;
				MTL_FAST_MATH = YES;
				ONLY_ACTIVE_ARCH = YES;
				SWIFT_ACTIVE_COMPILATION_CONDITIONS = "DEBUG $(inherited)";
				SWIFT_OPTIMIZATION_LEVEL = "-Onone";
			};
			name = Debug;
		};
		D61A4CEC2D4678C3004263A1 /* Release */ = {
			isa = XCBuildConfiguration;
			buildSettings = {
				ALWAYS_SEARCH_USER_PATHS = NO;
				ASSETCATALOG_COMPILER_GENERATE_SWIFT_ASSET_SYMBOL_EXTENSIONS = YES;
				CLANG_ANALYZER_NONNULL = YES;
				CLANG_ANALYZER_NUMBER_OBJECT_CONVERSION = YES_AGGRESSIVE;
				CLANG_CXX_LANGUAGE_STANDARD = "gnu++20";
				CLANG_ENABLE_MODULES = YES;
				CLANG_ENABLE_OBJC_ARC = YES;
				CLANG_ENABLE_OBJC_WEAK = YES;
				CLANG_WARN_BLOCK_CAPTURE_AUTORELEASING = YES;
				CLANG_WARN_BOOL_CONVERSION = YES;
				CLANG_WARN_COMMA = YES;
				CLANG_WARN_CONSTANT_CONVERSION = YES;
				CLANG_WARN_DEPRECATED_OBJC_IMPLEMENTATIONS = YES;
				CLANG_WARN_DIRECT_OBJC_ISA_USAGE = YES_ERROR;
				CLANG_WARN_DOCUMENTATION_COMMENTS = YES;
				CLANG_WARN_EMPTY_BODY = YES;
				CLANG_WARN_ENUM_CONVERSION = YES;
				CLANG_WARN_INFINITE_RECURSION = YES;
				CLANG_WARN_INT_CONVERSION = YES;
				CLANG_WARN_NON_LITERAL_NULL_CONVERSION = YES;
				CLANG_WARN_OBJC_IMPLICIT_RETAIN_SELF = YES;
				CLANG_WARN_OBJC_LITERAL_CONVERSION = YES;
				CLANG_WARN_OBJC_ROOT_CLASS = YES_ERROR;
				CLANG_WARN_QUOTED_INCLUDE_IN_FRAMEWORK_HEADER = YES;
				CLANG_WARN_RANGE_LOOP_ANALYSIS = YES;
				CLANG_WARN_STRICT_PROTOTYPES = YES;
				CLANG_WARN_SUSPICIOUS_MOVE = YES;
				CLANG_WARN_UNGUARDED_AVAILABILITY = YES_AGGRESSIVE;
				CLANG_WARN_UNREACHABLE_CODE = YES;
				CLANG_WARN__DUPLICATE_METHOD_MATCH = YES;
				COPY_PHASE_STRIP = NO;
				DEBUG_INFORMATION_FORMAT = "dwarf-with-dsym";
				ENABLE_NS_ASSERTIONS = NO;
				ENABLE_STRICT_OBJC_MSGSEND = YES;
				ENABLE_USER_SCRIPT_SANDBOXING = YES;
				GCC_C_LANGUAGE_STANDARD = gnu17;
				GCC_NO_COMMON_BLOCKS = YES;
				GCC_WARN_64_TO_32_BIT_CONVERSION = YES;
				GCC_WARN_ABOUT_RETURN_TYPE = YES_ERROR;
				GCC_WARN_UNDECLARED_SELECTOR = YES;
				GCC_WARN_UNINITIALIZED_AUTOS = YES_AGGRESSIVE;
				GCC_WARN_UNUSED_FUNCTION = YES;
				GCC_WARN_UNUSED_VARIABLE = YES;
				LOCALIZATION_PREFERS_STRING_CATALOGS = YES;
				MTL_ENABLE_DEBUG_INFO = NO;
				MTL_FAST_MATH = YES;
				SWIFT_COMPILATION_MODE = wholemodule;
			};
			name = Release;
		};
		D61A4CEE2D4678C3004263A1 /* Debug */ = {
			isa = XCBuildConfiguration;
			buildSettings = {
				ASSETCATALOG_COMPILER_APPICON_NAME = AppIcon;
				ASSETCATALOG_COMPILER_GLOBAL_ACCENT_COLOR_NAME = AccentColor;
				CODE_SIGN_ENTITLEMENTS = LoadData/LoadData.entitlements;
				CODE_SIGN_STYLE = Automatic;
				CURRENT_PROJECT_VERSION = 1;
				DEVELOPMENT_ASSET_PATHS = "\"LoadData/Preview Content\"";
				DEVELOPMENT_TEAM = X9KW2SQ39Q;
				ENABLE_HARDENED_RUNTIME = YES;
				ENABLE_PREVIEWS = YES;
				GENERATE_INFOPLIST_FILE = YES;
				"INFOPLIST_KEY_UIApplicationSceneManifest_Generation[sdk=iphoneos*]" = YES;
				"INFOPLIST_KEY_UIApplicationSceneManifest_Generation[sdk=iphonesimulator*]" = YES;
				"INFOPLIST_KEY_UIApplicationSupportsIndirectInputEvents[sdk=iphoneos*]" = YES;
				"INFOPLIST_KEY_UIApplicationSupportsIndirectInputEvents[sdk=iphonesimulator*]" = YES;
				"INFOPLIST_KEY_UILaunchScreen_Generation[sdk=iphoneos*]" = YES;
				"INFOPLIST_KEY_UILaunchScreen_Generation[sdk=iphonesimulator*]" = YES;
				"INFOPLIST_KEY_UIStatusBarStyle[sdk=iphoneos*]" = UIStatusBarStyleDefault;
				"INFOPLIST_KEY_UIStatusBarStyle[sdk=iphonesimulator*]" = UIStatusBarStyleDefault;
				INFOPLIST_KEY_UISupportedInterfaceOrientations = UIInterfaceOrientationPortrait;
				IPHONEOS_DEPLOYMENT_TARGET = 17.6;
				LD_RUNPATH_SEARCH_PATHS = "@executable_path/Frameworks";
				"LD_RUNPATH_SEARCH_PATHS[sdk=macosx*]" = "@executable_path/../Frameworks";
				MACOSX_DEPLOYMENT_TARGET = 15.2;
				MARKETING_VERSION = 1.0;
				PRODUCT_BUNDLE_IDENTIFIER = emikoclark.LoadData;
				PRODUCT_NAME = "$(TARGET_NAME)";
				SDKROOT = auto;
				SUPPORTED_PLATFORMS = "iphoneos iphonesimulator";
				SUPPORTS_MACCATALYST = NO;
				SWIFT_EMIT_LOC_STRINGS = YES;
				SWIFT_VERSION = 5.0;
				TARGETED_DEVICE_FAMILY = 1;
				XROS_DEPLOYMENT_TARGET = 2.2;
			};
			name = Debug;
		};
		D61A4CEF2D4678C3004263A1 /* Release */ = {
			isa = XCBuildConfiguration;
			buildSettings = {
				ASSETCATALOG_COMPILER_APPICON_NAME = AppIcon;
				ASSETCATALOG_COMPILER_GLOBAL_ACCENT_COLOR_NAME = AccentColor;
				CODE_SIGN_ENTITLEMENTS = LoadData/LoadData.entitlements;
				CODE_SIGN_STYLE = Automatic;
				CURRENT_PROJECT_VERSION = 1;
				DEVELOPMENT_ASSET_PATHS = "\"LoadData/Preview Content\"";
				DEVELOPMENT_TEAM = X9KW2SQ39Q;
				ENABLE_HARDENED_RUNTIME = YES;
				ENABLE_PREVIEWS = YES;
				GENERATE_INFOPLIST_FILE = YES;
				"INFOPLIST_KEY_UIApplicationSceneManifest_Generation[sdk=iphoneos*]" = YES;
				"INFOPLIST_KEY_UIApplicationSceneManifest_Generation[sdk=iphonesimulator*]" = YES;
				"INFOPLIST_KEY_UIApplicationSupportsIndirectInputEvents[sdk=iphoneos*]" = YES;
				"INFOPLIST_KEY_UIApplicationSupportsIndirectInputEvents[sdk=iphonesimulator*]" = YES;
				"INFOPLIST_KEY_UILaunchScreen_Generation[sdk=iphoneos*]" = YES;
				"INFOPLIST_KEY_UILaunchScreen_Generation[sdk=iphonesimulator*]" = YES;
				"INFOPLIST_KEY_UIStatusBarStyle[sdk=iphoneos*]" = UIStatusBarStyleDefault;
				"INFOPLIST_KEY_UIStatusBarStyle[sdk=iphonesimulator*]" = UIStatusBarStyleDefault;
				INFOPLIST_KEY_UISupportedInterfaceOrientations = UIInterfaceOrientationPortrait;
				IPHONEOS_DEPLOYMENT_TARGET = 17.6;
				LD_RUNPATH_SEARCH_PATHS = "@executable_path/Frameworks";
				"LD_RUNPATH_SEARCH_PATHS[sdk=macosx*]" = "@executable_path/../Frameworks";
				MACOSX_DEPLOYMENT_TARGET = 15.2;
				MARKETING_VERSION = 1.0;
				PRODUCT_BUNDLE_IDENTIFIER = emikoclark.LoadData;
				PRODUCT_NAME = "$(TARGET_NAME)";
				SDKROOT = auto;
				SUPPORTED_PLATFORMS = "iphoneos iphonesimulator";
				SUPPORTS_MACCATALYST = NO;
				SWIFT_EMIT_LOC_STRINGS = YES;
				SWIFT_VERSION = 5.0;
				TARGETED_DEVICE_FAMILY = 1;
				XROS_DEPLOYMENT_TARGET = 2.2;
			};
			name = Release;
		};
/* End XCBuildConfiguration section */

/* Begin XCConfigurationList section */
		D61A4CD92D4678C3004263A1 /* Build configuration list for PBXProject "LoadData" */ = {
			isa = XCConfigurationList;
			buildConfigurations = (
				D61A4CEB2D4678C3004263A1 /* Debug */,
				D61A4CEC2D4678C3004263A1 /* Release */,
			);
			defaultConfigurationIsVisible = 0;
			defaultConfigurationName = Release;
		};
		D61A4CED2D4678C3004263A1 /* Build configuration list for PBXNativeTarget "LoadData" */ = {
			isa = XCConfigurationList;
			buildConfigurations = (
				D61A4CEE2D4678C3004263A1 /* Debug */,
				D61A4CEF2D4678C3004263A1 /* Release */,
			);
			defaultConfigurationIsVisible = 0;
			defaultConfigurationName = Release;
		};
/* End XCConfigurationList section */
	};
	rootObject = D61A4CD62D4678C3004263A1 /* Project object */;
}
